
Microsoft Visual Studio Solution File, Format Version 12.00
# Visual Studio Version 17
VisualStudioVersion = 17.7.34031.279
MinimumVisualStudioVersion = 10.0.40219.1
Project("{FAE04EC0-301F-11D3-BF4B-00C04F79EFBC}") = "LavaSharp", "LavaSharp.csproj", "{52D37601-CD1F-4527-BE3F-2BD20DB6FF39}"
EndProject
Global
	GlobalSection(SolutionConfigurationPlatforms) = preSolution
		Debug|Any CPU = Debug|Any CPU
		Release|Any CPU = Release|Any CPU
	EndGlobalSection
	GlobalSection(ProjectConfigurationPlatforms) = postSolution
		{52D37601-CD1F-4527-BE3F-2BD20DB6FF39}.Debug|Any CPU.ActiveCfg = Debug|Any CPU
		{52D37601-CD1F-4527-BE3F-2BD20DB6FF39}.Debug|Any CPU.Build.0 = Debug|Any CPU
		{52D37601-CD1F-4527-BE3F-2BD20DB6FF39}.Release|Any CPU.ActiveCfg = Release|Any CPU
		{52D37601-CD1F-4527-BE3F-2BD20DB6FF39}.Release|Any CPU.Build.0 = Release|Any CPU
	EndGlobalSection
	GlobalSection(SolutionProperties) = preSolution
		HideSolutionNode = FALSE
	EndGlobalSection
	GlobalSection(ExtensibilityGlobals) = postSolution
		SolutionGuid = {B93F8331-38DA-40E6-B93E-1F862AF2282A}
	EndGlobalSection
EndGlobal
